
Microsoft Visual Studio Solution File, Format Version 12.00
# Visual Studio Version 16
VisualStudioVersion = 16.0.30320.27
MinimumVisualStudioVersion = 10.0.40219.1
Project("{D2ABAB84-BF74-430A-B69E-9DC6D40DDA17}") = "MyCube1", "MyCube1\MyCube1.dwproj", "{40679FD4-6C3F-40E0-AF22-1AD2C4C08E94}"
EndProject
Global
	GlobalSection(SolutionConfigurationPlatforms) = preSolution
		Development|Default = Development|Default
	EndGlobalSection
	GlobalSection(ProjectConfigurationPlatforms) = postSolution
		{40679FD4-6C3F-40E0-AF22-1AD2C4C08E94}.Development|Default.ActiveCfg = Development
		{40679FD4-6C3F-40E0-AF22-1AD2C4C08E94}.Development|Default.Build.0 = Development
		{40679FD4-6C3F-40E0-AF22-1AD2C4C08E94}.Development|Default.Deploy.0 = Development
	EndGlobalSection
	GlobalSection(SolutionProperties) = preSolution
		HideSolutionNode = FALSE
	EndGlobalSection
	GlobalSection(ExtensibilityGlobals) = postSolution
		SolutionGuid = {ED5BA50F-D966-4CF2-8C02-0A4A4A7B980E}
	EndGlobalSection
EndGlobal
